// !$*UTF8*$!
{
	archiveVersion = 1;
	classes = {
	};
	objectVersion = 77;
	objects = {

/* Begin PBXBuildFile section */
		520937512ED8ABA7006074C6 /* NeedleFoundation in Frameworks */ = {isa = PBXBuildFile; productRef = 520937502ED8ABA7006074C6 /* NeedleFoundation */; };
		520937532ED8ABA7006074C6 /* NeedleFoundationTest in Frameworks */ = {isa = PBXBuildFile; productRef = 520937522ED8ABA7006074C6 /* NeedleFoundationTest */; };
		525097C32EDB52F40067E30C /* PlacesCore in Frameworks */ = {isa = PBXBuildFile; productRef = 525097C22EDB52F40067E30C /* PlacesCore */; };
		525321A42ED8BD9E0041DD69 /* SnapshotTesting in Frameworks */ = {isa = PBXBuildFile; productRef = 525321A32ED8BD9E0041DD69 /* SnapshotTesting */; };
		526D7D622ED82C0F00D55C31 /* Localizable.xcstrings in Resources */ = {isa = PBXBuildFile; fileRef = 526D7D612ED82C0F00D55C31 /* Localizable.xcstrings */; };
/* End PBXBuildFile section */

/* Begin PBXContainerItemProxy section */
		5253219D2ED8BD640041DD69 /* PBXContainerItemProxy */ = {
			isa = PBXContainerItemProxy;
			containerPortal = 52A62A772ED58EFA00329DC3 /* Project object */;
			proxyType = 1;
			remoteGlobalIDString = 52A62A7E2ED58EFA00329DC3;
			remoteInfo = Places;
		};
		525321F92EDA11170041DD69 /* PBXContainerItemProxy */ = {
			isa = PBXContainerItemProxy;
			containerPortal = 52A62A772ED58EFA00329DC3 /* Project object */;
			proxyType = 1;
			remoteGlobalIDString = 52A62A7E2ED58EFA00329DC3;
			remoteInfo = Places;
		};
		5253220B2EDA12800041DD69 /* PBXContainerItemProxy */ = {
			isa = PBXContainerItemProxy;
			containerPortal = 52A62A772ED58EFA00329DC3 /* Project object */;
			proxyType = 1;
			remoteGlobalIDString = 52A62A7E2ED58EFA00329DC3;
			remoteInfo = Places;
		};
		526D7D792ED8371900D55C31 /* PBXContainerItemProxy */ = {
			isa = PBXContainerItemProxy;
			containerPortal = 52A62A772ED58EFA00329DC3 /* Project object */;
			proxyType = 1;
			remoteGlobalIDString = 52A62A7E2ED58EFA00329DC3;
			remoteInfo = Places;
		};
/* End PBXContainerItemProxy section */

/* Begin PBXFileReference section */
		525097B52EDB39DF0067E30C /* Regression.xctestplan */ = {isa = PBXFileReference; lastKnownFileType = text; path = Regression.xctestplan; sourceTree = "<group>"; };
		525321992ED8BD640041DD69 /* PlacesSnapshotTests.xctest */ = {isa = PBXFileReference; explicitFileType = wrapper.cfbundle; includeInIndex = 0; path = PlacesSnapshotTests.xctest; sourceTree = BUILT_PRODUCTS_DIR; };
		525321F32EDA11170041DD69 /* PlacesAccessibilityAuditTests.xctest */ = {isa = PBXFileReference; explicitFileType = wrapper.cfbundle; includeInIndex = 0; path = PlacesAccessibilityAuditTests.xctest; sourceTree = BUILT_PRODUCTS_DIR; };
		525322052EDA12800041DD69 /* PlacesUITests.xctest */ = {isa = PBXFileReference; explicitFileType = wrapper.cfbundle; includeInIndex = 0; path = PlacesUITests.xctest; sourceTree = BUILT_PRODUCTS_DIR; };
		526D7D612ED82C0F00D55C31 /* Localizable.xcstrings */ = {isa = PBXFileReference; lastKnownFileType = text.json.xcstrings; path = Localizable.xcstrings; sourceTree = "<group>"; };
		526D7D752ED8371900D55C31 /* PlacesUnitTests.xctest */ = {isa = PBXFileReference; explicitFileType = wrapper.cfbundle; includeInIndex = 0; path = PlacesUnitTests.xctest; sourceTree = BUILT_PRODUCTS_DIR; };
		52A62A7F2ED58EFA00329DC3 /* Places.app */ = {isa = PBXFileReference; explicitFileType = wrapper.application; includeInIndex = 0; path = Places.app; sourceTree = BUILT_PRODUCTS_DIR; };
/* End PBXFileReference section */

/* Begin PBXFileSystemSynchronizedRootGroup section */
		5253219A2ED8BD640041DD69 /* PlacesSnapshotTests */ = {
			isa = PBXFileSystemSynchronizedRootGroup;
			path = PlacesSnapshotTests;
			sourceTree = "<group>";
		};
		525322062EDA12800041DD69 /* PlacesUITests */ = {
			isa = PBXFileSystemSynchronizedRootGroup;
			path = PlacesUITests;
			sourceTree = "<group>";
		};
		526D7D762ED8371900D55C31 /* PlacesUnitTests */ = {
			isa = PBXFileSystemSynchronizedRootGroup;
			path = PlacesUnitTests;
			sourceTree = "<group>";
		};
		52A62A812ED58EFA00329DC3 /* Places */ = {
			isa = PBXFileSystemSynchronizedRootGroup;
			path = Places;
			sourceTree = "<group>";
		};
/* End PBXFileSystemSynchronizedRootGroup section */

/* Begin PBXFrameworksBuildPhase section */
		525321962ED8BD640041DD69 /* Frameworks */ = {
			isa = PBXFrameworksBuildPhase;
			buildActionMask = 2147483647;
			files = (
				525321A42ED8BD9E0041DD69 /* SnapshotTesting in Frameworks */,
			);
			runOnlyForDeploymentPostprocessing = 0;
		};
		525321F02EDA11170041DD69 /* Frameworks */ = {
			isa = PBXFrameworksBuildPhase;
			buildActionMask = 2147483647;
			files = (
			);
			runOnlyForDeploymentPostprocessing = 0;
		};
		525322022EDA12800041DD69 /* Frameworks */ = {
			isa = PBXFrameworksBuildPhase;
			buildActionMask = 2147483647;
			files = (
			);
			runOnlyForDeploymentPostprocessing = 0;
		};
		526D7D722ED8371900D55C31 /* Frameworks */ = {
			isa = PBXFrameworksBuildPhase;
			buildActionMask = 2147483647;
			files = (
				520937532ED8ABA7006074C6 /* NeedleFoundationTest in Frameworks */,
			);
			runOnlyForDeploymentPostprocessing = 0;
		};
		52A62A7C2ED58EFA00329DC3 /* Frameworks */ = {
			isa = PBXFrameworksBuildPhase;
			buildActionMask = 2147483647;
			files = (
				520937512ED8ABA7006074C6 /* NeedleFoundation in Frameworks */,
				525097C32EDB52F40067E30C /* PlacesCore in Frameworks */,
			);
			runOnlyForDeploymentPostprocessing = 0;
		};
/* End PBXFrameworksBuildPhase section */

/* Begin PBXGroup section */
		52A62A762ED58EFA00329DC3 = {
			isa = PBXGroup;
			children = (
				525097B52EDB39DF0067E30C /* Regression.xctestplan */,
				526D7D612ED82C0F00D55C31 /* Localizable.xcstrings */,
				52A62A812ED58EFA00329DC3 /* Places */,
				526D7D762ED8371900D55C31 /* PlacesUnitTests */,
				5253219A2ED8BD640041DD69 /* PlacesSnapshotTests */,
				525322062EDA12800041DD69 /* PlacesUITests */,
				52A62A802ED58EFA00329DC3 /* Products */,
			);
			sourceTree = "<group>";
		};
		52A62A802ED58EFA00329DC3 /* Products */ = {
			isa = PBXGroup;
			children = (
				52A62A7F2ED58EFA00329DC3 /* Places.app */,
				526D7D752ED8371900D55C31 /* PlacesUnitTests.xctest */,
				525321992ED8BD640041DD69 /* PlacesSnapshotTests.xctest */,
				525321F32EDA11170041DD69 /* PlacesAccessibilityAuditTests.xctest */,
				525322052EDA12800041DD69 /* PlacesUITests.xctest */,
			);
			name = Products;
			sourceTree = "<group>";
		};
/* End PBXGroup section */

/* Begin PBXNativeTarget section */
		525321982ED8BD640041DD69 /* PlacesSnapshotTests */ = {
			isa = PBXNativeTarget;
			buildConfigurationList = 5253219F2ED8BD640041DD69 /* Build configuration list for PBXNativeTarget "PlacesSnapshotTests" */;
			buildPhases = (
				525321952ED8BD640041DD69 /* Sources */,
				525321962ED8BD640041DD69 /* Frameworks */,
				525321972ED8BD640041DD69 /* Resources */,
			);
			buildRules = (
			);
			dependencies = (
				5253219E2ED8BD640041DD69 /* PBXTargetDependency */,
			);
			fileSystemSynchronizedGroups = (
				5253219A2ED8BD640041DD69 /* PlacesSnapshotTests */,
			);
			name = PlacesSnapshotTests;
			packageProductDependencies = (
				525321A32ED8BD9E0041DD69 /* SnapshotTesting */,
			);
			productName = PlacesSnapshotTests;
			productReference = 525321992ED8BD640041DD69 /* PlacesSnapshotTests.xctest */;
			productType = "com.apple.product-type.bundle.unit-test";
		};
		525321F22EDA11170041DD69 /* PlacesAccessibilityAuditTests */ = {
			isa = PBXNativeTarget;
			buildConfigurationList = 525321FB2EDA11170041DD69 /* Build configuration list for PBXNativeTarget "PlacesAccessibilityAuditTests" */;
			buildPhases = (
				525321EF2EDA11170041DD69 /* Sources */,
				525321F02EDA11170041DD69 /* Frameworks */,
				525321F12EDA11170041DD69 /* Resources */,
			);
			buildRules = (
			);
			dependencies = (
				525321FA2EDA11170041DD69 /* PBXTargetDependency */,
			);
			name = PlacesAccessibilityAuditTests;
			packageProductDependencies = (
			);
			productName = PlacesAccessibilityAuditTests;
			productReference = 525321F32EDA11170041DD69 /* PlacesAccessibilityAuditTests.xctest */;
			productType = "com.apple.product-type.bundle.ui-testing";
		};
		525322042EDA12800041DD69 /* PlacesUITests */ = {
			isa = PBXNativeTarget;
			buildConfigurationList = 5253220D2EDA12800041DD69 /* Build configuration list for PBXNativeTarget "PlacesUITests" */;
			buildPhases = (
				525322012EDA12800041DD69 /* Sources */,
				525322022EDA12800041DD69 /* Frameworks */,
				525322032EDA12800041DD69 /* Resources */,
			);
			buildRules = (
			);
			dependencies = (
				5253220C2EDA12800041DD69 /* PBXTargetDependency */,
			);
			fileSystemSynchronizedGroups = (
				525322062EDA12800041DD69 /* PlacesUITests */,
			);
			name = PlacesUITests;
			packageProductDependencies = (
			);
			productName = PlacesUITests;
			productReference = 525322052EDA12800041DD69 /* PlacesUITests.xctest */;
			productType = "com.apple.product-type.bundle.ui-testing";
		};
		526D7D742ED8371900D55C31 /* PlacesUnitTests */ = {
			isa = PBXNativeTarget;
			buildConfigurationList = 526D7D7B2ED8371900D55C31 /* Build configuration list for PBXNativeTarget "PlacesUnitTests" */;
			buildPhases = (
				526D7D712ED8371900D55C31 /* Sources */,
				526D7D722ED8371900D55C31 /* Frameworks */,
				526D7D732ED8371900D55C31 /* Resources */,
			);
			buildRules = (
			);
			dependencies = (
				526D7D7A2ED8371900D55C31 /* PBXTargetDependency */,
			);
			fileSystemSynchronizedGroups = (
				526D7D762ED8371900D55C31 /* PlacesUnitTests */,
			);
			name = PlacesUnitTests;
			packageProductDependencies = (
				520937522ED8ABA7006074C6 /* NeedleFoundationTest */,
			);
			productName = PlacesUnitTests;
			productReference = 526D7D752ED8371900D55C31 /* PlacesUnitTests.xctest */;
			productType = "com.apple.product-type.bundle.unit-test";
		};
		52A62A7E2ED58EFA00329DC3 /* Places */ = {
			isa = PBXNativeTarget;
			buildConfigurationList = 52A62A8A2ED58EFB00329DC3 /* Build configuration list for PBXNativeTarget "Places" */;
			buildPhases = (
				520937462ED8A6D7006074C6 /* Run Script (Needle) */,
				52A62A7B2ED58EFA00329DC3 /* Sources */,
				52A62A8E2ED5C9D600329DC3 /* Run Script (SwiftLint) */,
				52A62A7C2ED58EFA00329DC3 /* Frameworks */,
				52A62A7D2ED58EFA00329DC3 /* Resources */,
			);
			buildRules = (
			);
			dependencies = (
			);
			fileSystemSynchronizedGroups = (
				52A62A812ED58EFA00329DC3 /* Places */,
			);
			name = Places;
			packageProductDependencies = (
				520937502ED8ABA7006074C6 /* NeedleFoundation */,
				525097C22EDB52F40067E30C /* PlacesCore */,
			);
			productName = Places;
			productReference = 52A62A7F2ED58EFA00329DC3 /* Places.app */;
			productType = "com.apple.product-type.application";
		};
/* End PBXNativeTarget section */

/* Begin PBXProject section */
		52A62A772ED58EFA00329DC3 /* Project object */ = {
			isa = PBXProject;
			attributes = {
				BuildIndependentTargetsInParallel = 1;
				LastSwiftUpdateCheck = 2610;
				LastUpgradeCheck = 2610;
				TargetAttributes = {
					525321982ED8BD640041DD69 = {
						CreatedOnToolsVersion = 26.1.1;
						TestTargetID = 52A62A7E2ED58EFA00329DC3;
					};
					525321F22EDA11170041DD69 = {
						CreatedOnToolsVersion = 26.1.1;
						TestTargetID = 52A62A7E2ED58EFA00329DC3;
					};
					525322042EDA12800041DD69 = {
						CreatedOnToolsVersion = 26.1.1;
						TestTargetID = 52A62A7E2ED58EFA00329DC3;
					};
					526D7D742ED8371900D55C31 = {
						CreatedOnToolsVersion = 26.1.1;
						TestTargetID = 52A62A7E2ED58EFA00329DC3;
					};
					52A62A7E2ED58EFA00329DC3 = {
						CreatedOnToolsVersion = 26.1.1;
					};
				};
			};
			buildConfigurationList = 52A62A7A2ED58EFA00329DC3 /* Build configuration list for PBXProject "Places" */;
			developmentRegion = en;
			hasScannedForEncodings = 0;
			knownRegions = (
				en,
				Base,
			);
			mainGroup = 52A62A762ED58EFA00329DC3;
			minimizedProjectReferenceProxies = 1;
			packageReferences = (
				5209374F2ED8ABA7006074C6 /* XCRemoteSwiftPackageReference "needle" */,
				525321A22ED8BD9E0041DD69 /* XCRemoteSwiftPackageReference "swift-snapshot-testing" */,
				525097C12EDB52F40067E30C /* XCLocalSwiftPackageReference "Modules/PlacesCore" */,
			);
			preferredProjectObjectVersion = 77;
			productRefGroup = 52A62A802ED58EFA00329DC3 /* Products */;
			projectDirPath = "";
			projectRoot = "";
			targets = (
				52A62A7E2ED58EFA00329DC3 /* Places */,
				526D7D742ED8371900D55C31 /* PlacesUnitTests */,
				525321982ED8BD640041DD69 /* PlacesSnapshotTests */,
				525321F22EDA11170041DD69 /* PlacesAccessibilityAuditTests */,
				525322042EDA12800041DD69 /* PlacesUITests */,
			);
		};
/* End PBXProject section */

/* Begin PBXResourcesBuildPhase section */
		525321972ED8BD640041DD69 /* Resources */ = {
			isa = PBXResourcesBuildPhase;
			buildActionMask = 2147483647;
			files = (
			);
			runOnlyForDeploymentPostprocessing = 0;
		};
		525321F12EDA11170041DD69 /* Resources */ = {
			isa = PBXResourcesBuildPhase;
			buildActionMask = 2147483647;
			files = (
			);
			runOnlyForDeploymentPostprocessing = 0;
		};
		525322032EDA12800041DD69 /* Resources */ = {
			isa = PBXResourcesBuildPhase;
			buildActionMask = 2147483647;
			files = (
			);
			runOnlyForDeploymentPostprocessing = 0;
		};
		526D7D732ED8371900D55C31 /* Resources */ = {
			isa = PBXResourcesBuildPhase;
			buildActionMask = 2147483647;
			files = (
			);
			runOnlyForDeploymentPostprocessing = 0;
		};
		52A62A7D2ED58EFA00329DC3 /* Resources */ = {
			isa = PBXResourcesBuildPhase;
			buildActionMask = 2147483647;
			files = (
				526D7D622ED82C0F00D55C31 /* Localizable.xcstrings in Resources */,
			);
			runOnlyForDeploymentPostprocessing = 0;
		};
/* End PBXResourcesBuildPhase section */

/* Begin PBXShellScriptBuildPhase section */
		520937462ED8A6D7006074C6 /* Run Script (Needle) */ = {
			isa = PBXShellScriptBuildPhase;
			buildActionMask = 2147483647;
			files = (
			);
			inputFileListPaths = (
			);
			inputPaths = (
			);
			name = "Run Script (Needle)";
			outputFileListPaths = (
			);
			outputPaths = (
			);
			runOnlyForDeploymentPostprocessing = 0;
			shellPath = /bin/sh;
			shellScript = "#!/bin/sh\n\nset -e\nexport PATH=\"/opt/homebrew/bin:/usr/local/bin:/usr/bin:/bin:/usr/sbin:/sbin\"\nexport XBS_DISABLE_SANDBOXING=1\n\necho \"Running Needle code generation...\"\n\nneedle generate \"$SRCROOT/Places/NeedleGenerated.swift\" \"$SRCROOT/Places/\"\n\necho \"Needle completed successfully.\"\n";
		};
		52A62A8E2ED5C9D600329DC3 /* Run Script (SwiftLint) */ = {
			isa = PBXShellScriptBuildPhase;
			buildActionMask = 2147483647;
			files = (
			);
			inputFileListPaths = (
			);
			inputPaths = (
			);
			name = "Run Script (SwiftLint)";
			outputFileListPaths = (
			);
			outputPaths = (
			);
			runOnlyForDeploymentPostprocessing = 0;
			shellPath = /bin/sh;
			shellScript = "if [[ \"$(uname -m)\" == arm64 ]]; then\n    export PATH=\"/opt/homebrew/bin:$PATH\"\nfi\n\nif which swiftlint > /dev/null; then\n  swiftlint --strict\nelse\n  echo \"warning: SwiftLint not installed, download from https://github.com/realm/SwiftLint\"\nfi\n";
		};
/* End PBXShellScriptBuildPhase section */

/* Begin PBXSourcesBuildPhase section */
		525321952ED8BD640041DD69 /* Sources */ = {
			isa = PBXSourcesBuildPhase;
			buildActionMask = 2147483647;
			files = (
			);
			runOnlyForDeploymentPostprocessing = 0;
		};
		525321EF2EDA11170041DD69 /* Sources */ = {
			isa = PBXSourcesBuildPhase;
			buildActionMask = 2147483647;
			files = (
			);
			runOnlyForDeploymentPostprocessing = 0;
		};
		525322012EDA12800041DD69 /* Sources */ = {
			isa = PBXSourcesBuildPhase;
			buildActionMask = 2147483647;
			files = (
			);
			runOnlyForDeploymentPostprocessing = 0;
		};
		526D7D712ED8371900D55C31 /* Sources */ = {
			isa = PBXSourcesBuildPhase;
			buildActionMask = 2147483647;
			files = (
			);
			runOnlyForDeploymentPostprocessing = 0;
		};
		52A62A7B2ED58EFA00329DC3 /* Sources */ = {
			isa = PBXSourcesBuildPhase;
			buildActionMask = 2147483647;
			files = (
			);
			runOnlyForDeploymentPostprocessing = 0;
		};
/* End PBXSourcesBuildPhase section */

/* Begin PBXTargetDependency section */
		5253219E2ED8BD640041DD69 /* PBXTargetDependency */ = {
			isa = PBXTargetDependency;
			target = 52A62A7E2ED58EFA00329DC3 /* Places */;
			targetProxy = 5253219D2ED8BD640041DD69 /* PBXContainerItemProxy */;
		};
		525321FA2EDA11170041DD69 /* PBXTargetDependency */ = {
			isa = PBXTargetDependency;
			target = 52A62A7E2ED58EFA00329DC3 /* Places */;
			targetProxy = 525321F92EDA11170041DD69 /* PBXContainerItemProxy */;
		};
		5253220C2EDA12800041DD69 /* PBXTargetDependency */ = {
			isa = PBXTargetDependency;
			target = 52A62A7E2ED58EFA00329DC3 /* Places */;
			targetProxy = 5253220B2EDA12800041DD69 /* PBXContainerItemProxy */;
		};
		526D7D7A2ED8371900D55C31 /* PBXTargetDependency */ = {
			isa = PBXTargetDependency;
			target = 52A62A7E2ED58EFA00329DC3 /* Places */;
			targetProxy = 526D7D792ED8371900D55C31 /* PBXContainerItemProxy */;
		};
/* End PBXTargetDependency section */

/* Begin XCBuildConfiguration section */
		525321A02ED8BD640041DD69 /* Debug */ = {
			isa = XCBuildConfiguration;
			buildSettings = {
				BUNDLE_LOADER = "$(TEST_HOST)";
				CODE_SIGN_STYLE = Automatic;
				CURRENT_PROJECT_VERSION = 1;
				DEVELOPMENT_TEAM = LKB4X4736R;
				GENERATE_INFOPLIST_FILE = YES;
				IPHONEOS_DEPLOYMENT_TARGET = 17.0;
				MARKETING_VERSION = 1.0;
				PRODUCT_BUNDLE_IDENTIFIER = com.simenkova.PlacesSnapshotTests;
				PRODUCT_NAME = "$(TARGET_NAME)";
				STRING_CATALOG_GENERATE_SYMBOLS = NO;
				SWIFT_APPROACHABLE_CONCURRENCY = YES;
				SWIFT_EMIT_LOC_STRINGS = NO;
				SWIFT_UPCOMING_FEATURE_MEMBER_IMPORT_VISIBILITY = YES;
				SWIFT_VERSION = 5.0;
				TARGETED_DEVICE_FAMILY = "1,2";
				TEST_HOST = "$(BUILT_PRODUCTS_DIR)/Places.app/$(BUNDLE_EXECUTABLE_FOLDER_PATH)/Places";
			};
			name = Debug;
		};
		525321A12ED8BD640041DD69 /* Release */ = {
			isa = XCBuildConfiguration;
			buildSettings = {
				BUNDLE_LOADER = "$(TEST_HOST)";
				CODE_SIGN_STYLE = Automatic;
				CURRENT_PROJECT_VERSION = 1;
				DEVELOPMENT_TEAM = LKB4X4736R;
				GENERATE_INFOPLIST_FILE = YES;
				IPHONEOS_DEPLOYMENT_TARGET = 17.0;
				MARKETING_VERSION = 1.0;
				PRODUCT_BUNDLE_IDENTIFIER = com.simenkova.PlacesSnapshotTests;
				PRODUCT_NAME = "$(TARGET_NAME)";
				STRING_CATALOG_GENERATE_SYMBOLS = NO;
				SWIFT_APPROACHABLE_CONCURRENCY = YES;
				SWIFT_EMIT_LOC_STRINGS = NO;
				SWIFT_UPCOMING_FEATURE_MEMBER_IMPORT_VISIBILITY = YES;
				SWIFT_VERSION = 5.0;
				TARGETED_DEVICE_FAMILY = "1,2";
				TEST_HOST = "$(BUILT_PRODUCTS_DIR)/Places.app/$(BUNDLE_EXECUTABLE_FOLDER_PATH)/Places";
			};
			name = Release;
		};
		525321FC2EDA11170041DD69 /* Debug */ = {
			isa = XCBuildConfiguration;
			buildSettings = {
				CODE_SIGN_STYLE = Automatic;
				CURRENT_PROJECT_VERSION = 1;
				DEVELOPMENT_TEAM = LKB4X4736R;
				GENERATE_INFOPLIST_FILE = YES;
				MARKETING_VERSION = 1.0;
				PRODUCT_BUNDLE_IDENTIFIER = com.simenkova.PlacesAccessibilityAuditTests;
				PRODUCT_NAME = "$(TARGET_NAME)";
				STRING_CATALOG_GENERATE_SYMBOLS = NO;
				SWIFT_APPROACHABLE_CONCURRENCY = YES;
				SWIFT_EMIT_LOC_STRINGS = NO;
				SWIFT_UPCOMING_FEATURE_MEMBER_IMPORT_VISIBILITY = YES;
				SWIFT_VERSION = 5.0;
				TARGETED_DEVICE_FAMILY = "1,2";
				TEST_TARGET_NAME = Places;
			};
			name = Debug;
		};
		525321FD2EDA11170041DD69 /* Release */ = {
			isa = XCBuildConfiguration;
			buildSettings = {
				CODE_SIGN_STYLE = Automatic;
				CURRENT_PROJECT_VERSION = 1;
				DEVELOPMENT_TEAM = LKB4X4736R;
				GENERATE_INFOPLIST_FILE = YES;
				MARKETING_VERSION = 1.0;
				PRODUCT_BUNDLE_IDENTIFIER = com.simenkova.PlacesAccessibilityAuditTests;
				PRODUCT_NAME = "$(TARGET_NAME)";
				STRING_CATALOG_GENERATE_SYMBOLS = NO;
				SWIFT_APPROACHABLE_CONCURRENCY = YES;
				SWIFT_EMIT_LOC_STRINGS = NO;
				SWIFT_UPCOMING_FEATURE_MEMBER_IMPORT_VISIBILITY = YES;
				SWIFT_VERSION = 5.0;
				TARGETED_DEVICE_FAMILY = "1,2";
				TEST_TARGET_NAME = Places;
			};
			name = Release;
		};
		5253220E2EDA12800041DD69 /* Debug */ = {
			isa = XCBuildConfiguration;
			buildSettings = {
				CODE_SIGN_STYLE = Automatic;
				CURRENT_PROJECT_VERSION = 1;
				DEVELOPMENT_TEAM = LKB4X4736R;
				GENERATE_INFOPLIST_FILE = YES;
				IPHONEOS_DEPLOYMENT_TARGET = 17.0;
				MARKETING_VERSION = 1.0;
				PRODUCT_BUNDLE_IDENTIFIER = com.simenkova.PlacesUITests;
				PRODUCT_NAME = "$(TARGET_NAME)";
				STRING_CATALOG_GENERATE_SYMBOLS = NO;
				SWIFT_APPROACHABLE_CONCURRENCY = YES;
				SWIFT_EMIT_LOC_STRINGS = NO;
				SWIFT_UPCOMING_FEATURE_MEMBER_IMPORT_VISIBILITY = YES;
				SWIFT_VERSION = 5.0;
				TARGETED_DEVICE_FAMILY = "1,2";
				TEST_TARGET_NAME = Places;
			};
			name = Debug;
		};
		5253220F2EDA12800041DD69 /* Release */ = {
			isa = XCBuildConfiguration;
			buildSettings = {
				CODE_SIGN_STYLE = Automatic;
				CURRENT_PROJECT_VERSION = 1;
				DEVELOPMENT_TEAM = LKB4X4736R;
				GENERATE_INFOPLIST_FILE = YES;
				IPHONEOS_DEPLOYMENT_TARGET = 17.0;
				MARKETING_VERSION = 1.0;
				PRODUCT_BUNDLE_IDENTIFIER = com.simenkova.PlacesUITests;
				PRODUCT_NAME = "$(TARGET_NAME)";
				STRING_CATALOG_GENERATE_SYMBOLS = NO;
				SWIFT_APPROACHABLE_CONCURRENCY = YES;
				SWIFT_EMIT_LOC_STRINGS = NO;
				SWIFT_UPCOMING_FEATURE_MEMBER_IMPORT_VISIBILITY = YES;
				SWIFT_VERSION = 5.0;
				TARGETED_DEVICE_FAMILY = "1,2";
				TEST_TARGET_NAME = Places;
			};
			name = Release;
		};
		526D7D7C2ED8371900D55C31 /* Debug */ = {
			isa = XCBuildConfiguration;
			buildSettings = {
				BUNDLE_LOADER = "$(TEST_HOST)";
				CODE_SIGN_STYLE = Automatic;
				CURRENT_PROJECT_VERSION = 1;
				DEVELOPMENT_TEAM = LKB4X4736R;
				GENERATE_INFOPLIST_FILE = YES;
				IPHONEOS_DEPLOYMENT_TARGET = 17.0;
				MARKETING_VERSION = 1.0;
				PRODUCT_BUNDLE_IDENTIFIER = com.simenkova.PlacesUnitTests;
				PRODUCT_NAME = "$(TARGET_NAME)";
				STRING_CATALOG_GENERATE_SYMBOLS = NO;
				SWIFT_APPROACHABLE_CONCURRENCY = YES;
				SWIFT_EMIT_LOC_STRINGS = NO;
				SWIFT_UPCOMING_FEATURE_MEMBER_IMPORT_VISIBILITY = YES;
				SWIFT_VERSION = 5.0;
				TARGETED_DEVICE_FAMILY = "1,2";
				TEST_HOST = "$(BUILT_PRODUCTS_DIR)/Places.app/$(BUNDLE_EXECUTABLE_FOLDER_PATH)/Places";
			};
			name = Debug;
		};
		526D7D7D2ED8371900D55C31 /* Release */ = {
			isa = XCBuildConfiguration;
			buildSettings = {
				BUNDLE_LOADER = "$(TEST_HOST)";
				CODE_SIGN_STYLE = Automatic;
				CURRENT_PROJECT_VERSION = 1;
				DEVELOPMENT_TEAM = LKB4X4736R;
				GENERATE_INFOPLIST_FILE = YES;
				IPHONEOS_DEPLOYMENT_TARGET = 17.0;
				MARKETING_VERSION = 1.0;
				PRODUCT_BUNDLE_IDENTIFIER = com.simenkova.PlacesUnitTests;
				PRODUCT_NAME = "$(TARGET_NAME)";
				STRING_CATALOG_GENERATE_SYMBOLS = NO;
				SWIFT_APPROACHABLE_CONCURRENCY = YES;
				SWIFT_EMIT_LOC_STRINGS = NO;
				SWIFT_UPCOMING_FEATURE_MEMBER_IMPORT_VISIBILITY = YES;
				SWIFT_VERSION = 5.0;
				TARGETED_DEVICE_FAMILY = "1,2";
				TEST_HOST = "$(BUILT_PRODUCTS_DIR)/Places.app/$(BUNDLE_EXECUTABLE_FOLDER_PATH)/Places";
			};
			name = Release;
		};
		52A62A882ED58EFB00329DC3 /* Debug */ = {
			isa = XCBuildConfiguration;
			buildSettings = {
				ALWAYS_SEARCH_USER_PATHS = NO;
				ASSETCATALOG_COMPILER_GENERATE_SWIFT_ASSET_SYMBOL_EXTENSIONS = YES;
				CLANG_ANALYZER_NONNULL = YES;
				CLANG_ANALYZER_NUMBER_OBJECT_CONVERSION = YES_AGGRESSIVE;
				CLANG_CXX_LANGUAGE_STANDARD = "gnu++20";
				CLANG_ENABLE_MODULES = YES;
				CLANG_ENABLE_OBJC_ARC = YES;
				CLANG_ENABLE_OBJC_WEAK = YES;
				CLANG_WARN_BLOCK_CAPTURE_AUTORELEASING = YES;
				CLANG_WARN_BOOL_CONVERSION = YES;
				CLANG_WARN_COMMA = YES;
				CLANG_WARN_CONSTANT_CONVERSION = YES;
				CLANG_WARN_DEPRECATED_OBJC_IMPLEMENTATIONS = YES;
				CLANG_WARN_DIRECT_OBJC_ISA_USAGE = YES_ERROR;
				CLANG_WARN_DOCUMENTATION_COMMENTS = YES;
				CLANG_WARN_EMPTY_BODY = YES;
				CLANG_WARN_ENUM_CONVERSION = YES;
				CLANG_WARN_INFINITE_RECURSION = YES;
				CLANG_WARN_INT_CONVERSION = YES;
				CLANG_WARN_NON_LITERAL_NULL_CONVERSION = YES;
				CLANG_WARN_OBJC_IMPLICIT_RETAIN_SELF = YES;
				CLANG_WARN_OBJC_LITERAL_CONVERSION = YES;
				CLANG_WARN_OBJC_ROOT_CLASS = YES_ERROR;
				CLANG_WARN_QUOTED_INCLUDE_IN_FRAMEWORK_HEADER = YES;
				CLANG_WARN_RANGE_LOOP_ANALYSIS = YES;
				CLANG_WARN_STRICT_PROTOTYPES = YES;
				CLANG_WARN_SUSPICIOUS_MOVE = YES;
				CLANG_WARN_UNGUARDED_AVAILABILITY = YES_AGGRESSIVE;
				CLANG_WARN_UNREACHABLE_CODE = YES;
				CLANG_WARN__DUPLICATE_METHOD_MATCH = YES;
				COPY_PHASE_STRIP = NO;
				DEBUG_INFORMATION_FORMAT = dwarf;
				DEVELOPMENT_TEAM = LKB4X4736R;
				ENABLE_STRICT_OBJC_MSGSEND = YES;
				ENABLE_TESTABILITY = YES;
				ENABLE_USER_SCRIPT_SANDBOXING = YES;
				GCC_C_LANGUAGE_STANDARD = gnu17;
				GCC_DYNAMIC_NO_PIC = NO;
				GCC_NO_COMMON_BLOCKS = YES;
				GCC_OPTIMIZATION_LEVEL = 0;
				GCC_PREPROCESSOR_DEFINITIONS = (
					"DEBUG=1",
					"$(inherited)",
				);
				GCC_WARN_64_TO_32_BIT_CONVERSION = YES;
				GCC_WARN_ABOUT_RETURN_TYPE = YES_ERROR;
				GCC_WARN_UNDECLARED_SELECTOR = YES;
				GCC_WARN_UNINITIALIZED_AUTOS = YES_AGGRESSIVE;
				GCC_WARN_UNUSED_FUNCTION = YES;
				GCC_WARN_UNUSED_VARIABLE = YES;
				IPHONEOS_DEPLOYMENT_TARGET = 26.1;
				LOCALIZATION_PREFERS_STRING_CATALOGS = YES;
				MTL_ENABLE_DEBUG_INFO = INCLUDE_SOURCE;
				MTL_FAST_MATH = YES;
				ONLY_ACTIVE_ARCH = YES;
				SDKROOT = iphoneos;
				SWIFT_ACTIVE_COMPILATION_CONDITIONS = "DEBUG $(inherited)";
				SWIFT_EMIT_LOC_STRINGS = YES;
				SWIFT_OPTIMIZATION_LEVEL = "-Onone";
			};
			name = Debug;
		};
		52A62A892ED58EFB00329DC3 /* Release */ = {
			isa = XCBuildConfiguration;
			buildSettings = {
				ALWAYS_SEARCH_USER_PATHS = NO;
				ASSETCATALOG_COMPILER_GENERATE_SWIFT_ASSET_SYMBOL_EXTENSIONS = YES;
				CLANG_ANALYZER_NONNULL = YES;
				CLANG_ANALYZER_NUMBER_OBJECT_CONVERSION = YES_AGGRESSIVE;
				CLANG_CXX_LANGUAGE_STANDARD = "gnu++20";
				CLANG_ENABLE_MODULES = YES;
				CLANG_ENABLE_OBJC_ARC = YES;
				CLANG_ENABLE_OBJC_WEAK = YES;
				CLANG_WARN_BLOCK_CAPTURE_AUTORELEASING = YES;
				CLANG_WARN_BOOL_CONVERSION = YES;
				CLANG_WARN_COMMA = YES;
				CLANG_WARN_CONSTANT_CONVERSION = YES;
				CLANG_WARN_DEPRECATED_OBJC_IMPLEMENTATIONS = YES;
				CLANG_WARN_DIRECT_OBJC_ISA_USAGE = YES_ERROR;
				CLANG_WARN_DOCUMENTATION_COMMENTS = YES;
				CLANG_WARN_EMPTY_BODY = YES;
				CLANG_WARN_ENUM_CONVERSION = YES;
				CLANG_WARN_INFINITE_RECURSION = YES;
				CLANG_WARN_INT_CONVERSION = YES;
				CLANG_WARN_NON_LITERAL_NULL_CONVERSION = YES;
				CLANG_WARN_OBJC_IMPLICIT_RETAIN_SELF = YES;
				CLANG_WARN_OBJC_LITERAL_CONVERSION = YES;
				CLANG_WARN_OBJC_ROOT_CLASS = YES_ERROR;
				CLANG_WARN_QUOTED_INCLUDE_IN_FRAMEWORK_HEADER = YES;
				CLANG_WARN_RANGE_LOOP_ANALYSIS = YES;
				CLANG_WARN_STRICT_PROTOTYPES = YES;
				CLANG_WARN_SUSPICIOUS_MOVE = YES;
				CLANG_WARN_UNGUARDED_AVAILABILITY = YES_AGGRESSIVE;
				CLANG_WARN_UNREACHABLE_CODE = YES;
				CLANG_WARN__DUPLICATE_METHOD_MATCH = YES;
				COPY_PHASE_STRIP = NO;
				DEBUG_INFORMATION_FORMAT = "dwarf-with-dsym";
				DEVELOPMENT_TEAM = LKB4X4736R;
				ENABLE_NS_ASSERTIONS = NO;
				ENABLE_STRICT_OBJC_MSGSEND = YES;
				ENABLE_USER_SCRIPT_SANDBOXING = YES;
				GCC_C_LANGUAGE_STANDARD = gnu17;
				GCC_NO_COMMON_BLOCKS = YES;
				GCC_WARN_64_TO_32_BIT_CONVERSION = YES;
				GCC_WARN_ABOUT_RETURN_TYPE = YES_ERROR;
				GCC_WARN_UNDECLARED_SELECTOR = YES;
				GCC_WARN_UNINITIALIZED_AUTOS = YES_AGGRESSIVE;
				GCC_WARN_UNUSED_FUNCTION = YES;
				GCC_WARN_UNUSED_VARIABLE = YES;
				IPHONEOS_DEPLOYMENT_TARGET = 26.1;
				LOCALIZATION_PREFERS_STRING_CATALOGS = YES;
				MTL_ENABLE_DEBUG_INFO = NO;
				MTL_FAST_MATH = YES;
				SDKROOT = iphoneos;
				SWIFT_COMPILATION_MODE = wholemodule;
				SWIFT_EMIT_LOC_STRINGS = YES;
				VALIDATE_PRODUCT = YES;
			};
			name = Release;
		};
		52A62A8B2ED58EFB00329DC3 /* Debug */ = {
			isa = XCBuildConfiguration;
			buildSettings = {
				ASSETCATALOG_COMPILER_APPICON_NAME = AppIcon;
				ASSETCATALOG_COMPILER_GLOBAL_ACCENT_COLOR_NAME = AccentColor;
				CODE_SIGN_STYLE = Automatic;
				CURRENT_PROJECT_VERSION = 1;
				DEVELOPMENT_TEAM = LKB4X4736R;
				ENABLE_PREVIEWS = YES;
				ENABLE_USER_SCRIPT_SANDBOXING = NO;
				GENERATE_INFOPLIST_FILE = YES;
				INFOPLIST_KEY_UIApplicationSceneManifest_Generation = YES;
				INFOPLIST_KEY_UIApplicationSupportsIndirectInputEvents = YES;
				INFOPLIST_KEY_UILaunchScreen_Generation = YES;
				INFOPLIST_KEY_UISupportedInterfaceOrientations_iPad = "UIInterfaceOrientationPortrait UIInterfaceOrientationPortraitUpsideDown UIInterfaceOrientationLandscapeLeft UIInterfaceOrientationLandscapeRight";
				INFOPLIST_KEY_UISupportedInterfaceOrientations_iPhone = "UIInterfaceOrientationPortrait UIInterfaceOrientationLandscapeLeft UIInterfaceOrientationLandscapeRight";
				IPHONEOS_DEPLOYMENT_TARGET = 17.0;
				LD_RUNPATH_SEARCH_PATHS = (
					"$(inherited)",
					"@executable_path/Frameworks",
				);
				MARKETING_VERSION = 1.0;
				PRODUCT_BUNDLE_IDENTIFIER = com.simenkova.Places;
				PRODUCT_NAME = "$(TARGET_NAME)";
				STRING_CATALOG_GENERATE_SYMBOLS = YES;
				SWIFT_APPROACHABLE_CONCURRENCY = YES;
				SWIFT_DEFAULT_ACTOR_ISOLATION = MainActor;
				SWIFT_EMIT_LOC_STRINGS = YES;
				SWIFT_UPCOMING_FEATURE_MEMBER_IMPORT_VISIBILITY = YES;
				SWIFT_VERSION = 5.0;
				TARGETED_DEVICE_FAMILY = "1,2";
			};
			name = Debug;
		};
		52A62A8C2ED58EFB00329DC3 /* Release */ = {
			isa = XCBuildConfiguration;
			buildSettings = {
				ASSETCATALOG_COMPILER_APPICON_NAME = AppIcon;
				ASSETCATALOG_COMPILER_GLOBAL_ACCENT_COLOR_NAME = AccentColor;
				CODE_SIGN_STYLE = Automatic;
				CURRENT_PROJECT_VERSION = 1;
				DEVELOPMENT_TEAM = LKB4X4736R;
				ENABLE_PREVIEWS = YES;
				ENABLE_USER_SCRIPT_SANDBOXING = NO;
				GENERATE_INFOPLIST_FILE = YES;
				INFOPLIST_KEY_UIApplicationSceneManifest_Generation = YES;
				INFOPLIST_KEY_UIApplicationSupportsIndirectInputEvents = YES;
				INFOPLIST_KEY_UILaunchScreen_Generation = YES;
				INFOPLIST_KEY_UISupportedInterfaceOrientations_iPad = "UIInterfaceOrientationPortrait UIInterfaceOrientationPortraitUpsideDown UIInterfaceOrientationLandscapeLeft UIInterfaceOrientationLandscapeRight";
				INFOPLIST_KEY_UISupportedInterfaceOrientations_iPhone = "UIInterfaceOrientationPortrait UIInterfaceOrientationLandscapeLeft UIInterfaceOrientationLandscapeRight";
				IPHONEOS_DEPLOYMENT_TARGET = 17.0;
				LD_RUNPATH_SEARCH_PATHS = (
					"$(inherited)",
					"@executable_path/Frameworks",
				);
				MARKETING_VERSION = 1.0;
				PRODUCT_BUNDLE_IDENTIFIER = com.simenkova.Places;
				PRODUCT_NAME = "$(TARGET_NAME)";
				STRING_CATALOG_GENERATE_SYMBOLS = YES;
				SWIFT_APPROACHABLE_CONCURRENCY = YES;
				SWIFT_DEFAULT_ACTOR_ISOLATION = MainActor;
				SWIFT_EMIT_LOC_STRINGS = YES;
				SWIFT_UPCOMING_FEATURE_MEMBER_IMPORT_VISIBILITY = YES;
				SWIFT_VERSION = 5.0;
				TARGETED_DEVICE_FAMILY = "1,2";
			};
			name = Release;
		};
/* End XCBuildConfiguration section */

/* Begin XCConfigurationList section */
		5253219F2ED8BD640041DD69 /* Build configuration list for PBXNativeTarget "PlacesSnapshotTests" */ = {
			isa = XCConfigurationList;
			buildConfigurations = (
				525321A02ED8BD640041DD69 /* Debug */,
				525321A12ED8BD640041DD69 /* Release */,
			);
			defaultConfigurationIsVisible = 0;
			defaultConfigurationName = Release;
		};
		525321FB2EDA11170041DD69 /* Build configuration list for PBXNativeTarget "PlacesAccessibilityAuditTests" */ = {
			isa = XCConfigurationList;
			buildConfigurations = (
				525321FC2EDA11170041DD69 /* Debug */,
				525321FD2EDA11170041DD69 /* Release */,
			);
			defaultConfigurationIsVisible = 0;
			defaultConfigurationName = Release;
		};
		5253220D2EDA12800041DD69 /* Build configuration list for PBXNativeTarget "PlacesUITests" */ = {
			isa = XCConfigurationList;
			buildConfigurations = (
				5253220E2EDA12800041DD69 /* Debug */,
				5253220F2EDA12800041DD69 /* Release */,
			);
			defaultConfigurationIsVisible = 0;
			defaultConfigurationName = Release;
		};
		526D7D7B2ED8371900D55C31 /* Build configuration list for PBXNativeTarget "PlacesUnitTests" */ = {
			isa = XCConfigurationList;
			buildConfigurations = (
				526D7D7C2ED8371900D55C31 /* Debug */,
				526D7D7D2ED8371900D55C31 /* Release */,
			);
			defaultConfigurationIsVisible = 0;
			defaultConfigurationName = Release;
		};
		52A62A7A2ED58EFA00329DC3 /* Build configuration list for PBXProject "Places" */ = {
			isa = XCConfigurationList;
			buildConfigurations = (
				52A62A882ED58EFB00329DC3 /* Debug */,
				52A62A892ED58EFB00329DC3 /* Release */,
			);
			defaultConfigurationIsVisible = 0;
			defaultConfigurationName = Release;
		};
		52A62A8A2ED58EFB00329DC3 /* Build configuration list for PBXNativeTarget "Places" */ = {
			isa = XCConfigurationList;
			buildConfigurations = (
				52A62A8B2ED58EFB00329DC3 /* Debug */,
				52A62A8C2ED58EFB00329DC3 /* Release */,
			);
			defaultConfigurationIsVisible = 0;
			defaultConfigurationName = Release;
		};
/* End XCConfigurationList section */

/* Begin XCLocalSwiftPackageReference section */
		525097C12EDB52F40067E30C /* XCLocalSwiftPackageReference "Modules/PlacesCore" */ = {
			isa = XCLocalSwiftPackageReference;
			relativePath = Modules/PlacesCore;
		};
/* End XCLocalSwiftPackageReference section */

/* Begin XCRemoteSwiftPackageReference section */
		5209374F2ED8ABA7006074C6 /* XCRemoteSwiftPackageReference "needle" */ = {
			isa = XCRemoteSwiftPackageReference;
			repositoryURL = "https://github.com/uber/needle";
			requirement = {
				kind = upToNextMajorVersion;
				minimumVersion = 0.0.0;
			};
		};
		525321A22ED8BD9E0041DD69 /* XCRemoteSwiftPackageReference "swift-snapshot-testing" */ = {
			isa = XCRemoteSwiftPackageReference;
			repositoryURL = "https://github.com/pointfreeco/swift-snapshot-testing";
			requirement = {
				kind = upToNextMajorVersion;
				minimumVersion = 1.18.7;
			};
		};
/* End XCRemoteSwiftPackageReference section */

/* Begin XCSwiftPackageProductDependency section */
		520937502ED8ABA7006074C6 /* NeedleFoundation */ = {
			isa = XCSwiftPackageProductDependency;
			package = 5209374F2ED8ABA7006074C6 /* XCRemoteSwiftPackageReference "needle" */;
			productName = NeedleFoundation;
		};
		520937522ED8ABA7006074C6 /* NeedleFoundationTest */ = {
			isa = XCSwiftPackageProductDependency;
			package = 5209374F2ED8ABA7006074C6 /* XCRemoteSwiftPackageReference "needle" */;
			productName = NeedleFoundationTest;
		};
		525097C22EDB52F40067E30C /* PlacesCore */ = {
			isa = XCSwiftPackageProductDependency;
			productName = PlacesCore;
		};
		525321A32ED8BD9E0041DD69 /* SnapshotTesting */ = {
			isa = XCSwiftPackageProductDependency;
			package = 525321A22ED8BD9E0041DD69 /* XCRemoteSwiftPackageReference "swift-snapshot-testing" */;
			productName = SnapshotTesting;
		};
/* End XCSwiftPackageProductDependency section */
	};
	rootObject = 52A62A772ED58EFA00329DC3 /* Project object */;
}
